<?xml version="1.0" encoding="UTF-8"?>
<Solution>
	<Configurations>
		<BuildType Name="Debug"/>
		<BuildType Name="Release"/>
		<BuildType Name="MinSizeRel"/>
		<BuildType Name="RelWithDebInfo"/>
		<Platform Name="Win32"/>
	</Configurations>
	<Project Path="engine.vcxproj" Type="8bc9ceb8-8b4a-11d0-8d11-00a0c91bc942" Id="f4e1a699-0ead-3d11-aeea-e1590278320c" DefaultStartup="true">
		<BuildDependency Project="ZERO_CHECK.vcxproj"/>
	</Project>
	<Project Path="generator.vcxproj" Type="8bc9ceb8-8b4a-11d0-8d11-00a0c91bc942" Id="a6e3985b-08bf-3eda-a6f5-82cbc9368c28">
		<BuildDependency Project="ZERO_CHECK.vcxproj"/>
	</Project>
	<Folder Name="/CMakePredefinedTargets/">
		<Project Path="ALL_BUILD.vcxproj" Type="8bc9ceb8-8b4a-11d0-8d11-00a0c91bc942" Id="f06476fb-3250-329e-abcf-b0b07074790e">
			<BuildDependency Project="ZERO_CHECK.vcxproj"/>
			<BuildDependency Project="engine.vcxproj"/>
			<BuildDependency Project="generator.vcxproj"/>
			<Build Solution="Debug|*" Project="false"/>
			<Build Solution="Release|*" Project="false"/>
			<Build Solution="MinSizeRel|*" Project="false"/>
			<Build Solution="RelWithDebInfo|*" Project="false"/>
		</Project>
		<Project Path="ZERO_CHECK.vcxproj" Type="8bc9ceb8-8b4a-11d0-8d11-00a0c91bc942" Id="11bb2d47-bbcb-373c-ab5f-b5ffa0b0d372"/>
	</Folder>
</Solution>
